
Microsoft Visual Studio Solution File, Format Version 12.00
# Visual Studio Version 16
VisualStudioVersion = 16.0.31729.503
MinimumVisualStudioVersion = 10.0.40219.1
Project("{FAE04EC0-301F-11D3-BF4B-00C04F79EFBC}") = "MethodsOverloading", "MethodsOverloading.csproj", "{2D35A511-B84E-44DC-8DF9-C9E47ADF3A3D}"
EndProject
Global
	GlobalSection(SolutionConfigurationPlatforms) = preSolution
		Debug|Any CPU = Debug|Any CPU
		Release|Any CPU = Release|Any CPU
	EndGlobalSection
	GlobalSection(ProjectConfigurationPlatforms) = postSolution
		{2D35A511-B84E-44DC-8DF9-C9E47ADF3A3D}.Debug|Any CPU.ActiveCfg = Debug|Any CPU
		{2D35A511-B84E-44DC-8DF9-C9E47ADF3A3D}.Debug|Any CPU.Build.0 = Debug|Any CPU
		{2D35A511-B84E-44DC-8DF9-C9E47ADF3A3D}.Release|Any CPU.ActiveCfg = Release|Any CPU
		{2D35A511-B84E-44DC-8DF9-C9E47ADF3A3D}.Release|Any CPU.Build.0 = Release|Any CPU
	EndGlobalSection
	GlobalSection(SolutionProperties) = preSolution
		HideSolutionNode = FALSE
	EndGlobalSection
	GlobalSection(ExtensibilityGlobals) = postSolution
		SolutionGuid = {2D9606C1-820C-47AD-8C0D-25F017CAAFD8}
	EndGlobalSection
EndGlobal
